// !$*UTF8*$!
{
	archiveVersion = 1;
	classes = {
	};
	objectVersion = 56;
	objects = {

/* Begin PBXBuildFile section */
		3B78980D2B7E014900DCD813 /* SideMenu.swift in Sources */ = {isa = PBXBuildFile; fileRef = 3B78980C2B7E014900DCD813 /* SideMenu.swift */; };
		3B78980F2B7E022500DCD813 /* InfoViewController.swift in Sources */ = {isa = PBXBuildFile; fileRef = 3B78980E2B7E022500DCD813 /* InfoViewController.swift */; };
		3B7898112B7E025400DCD813 /* SettingViewController.swift in Sources */ = {isa = PBXBuildFile; fileRef = 3B7898102B7E025400DCD813 /* SettingViewController.swift */; };
		3B7898132B7E07F000DCD813 /* NewspViewController.swift in Sources */ = {isa = PBXBuildFile; fileRef = 3B7898122B7E07F000DCD813 /* NewspViewController.swift */; };
		3BB81D6D2B7B52E8002C58CE /* AppDelegate.swift in Sources */ = {isa = PBXBuildFile; fileRef = 3BB81D6C2B7B52E8002C58CE /* AppDelegate.swift */; };
		3BB81D6F2B7B52E8002C58CE /* SceneDelegate.swift in Sources */ = {isa = PBXBuildFile; fileRef = 3BB81D6E2B7B52E8002C58CE /* SceneDelegate.swift */; };
		3BB81D712B7B52E8002C58CE /* ViewController.swift in Sources */ = {isa = PBXBuildFile; fileRef = 3BB81D702B7B52E8002C58CE /* ViewController.swift */; };
		3BB81D742B7B52E8002C58CE /* Main.storyboard in Resources */ = {isa = PBXBuildFile; fileRef = 3BB81D722B7B52E8002C58CE /* Main.storyboard */; };
		3BB81D762B7B52EA002C58CE /* Assets.xcassets in Resources */ = {isa = PBXBuildFile; fileRef = 3BB81D752B7B52EA002C58CE /* Assets.xcassets */; };
		3BB81D792B7B52EA002C58CE /* LaunchScreen.storyboard in Resources */ = {isa = PBXBuildFile; fileRef = 3BB81D772B7B52EA002C58CE /* LaunchScreen.storyboard */; };
		759C932ECC993C9172A3EFDF /* Pods_akhbel.framework in Frameworks */ = {isa = PBXBuildFile; fileRef = 7ADDB736475B54DCFA422512 /* Pods_akhbel.framework */; };
/* End PBXBuildFile section */

/* Begin PBXFileReference section */
		3B78980C2B7E014900DCD813 /* SideMenu.swift */ = {isa = PBXFileReference; lastKnownFileType = sourcecode.swift; path = SideMenu.swift; sourceTree = "<group>"; };
		3B78980E2B7E022500DCD813 /* InfoViewController.swift */ = {isa = PBXFileReference; lastKnownFileType = sourcecode.swift; path = InfoViewController.swift; sourceTree = "<group>"; };
		3B7898102B7E025400DCD813 /* SettingViewController.swift */ = {isa = PBXFileReference; lastKnownFileType = sourcecode.swift; path = SettingViewController.swift; sourceTree = "<group>"; };
		3B7898122B7E07F000DCD813 /* NewspViewController.swift */ = {isa = PBXFileReference; lastKnownFileType = sourcecode.swift; path = NewspViewController.swift; sourceTree = "<group>"; };
		3BB81D692B7B52E8002C58CE /* akhbel.app */ = {isa = PBXFileReference; explicitFileType = wrapper.application; includeInIndex = 0; path = akhbel.app; sourceTree = BUILT_PRODUCTS_DIR; };
		3BB81D6C2B7B52E8002C58CE /* AppDelegate.swift */ = {isa = PBXFileReference; lastKnownFileType = sourcecode.swift; path = AppDelegate.swift; sourceTree = "<group>"; };
		3BB81D6E2B7B52E8002C58CE /* SceneDelegate.swift */ = {isa = PBXFileReference; lastKnownFileType = sourcecode.swift; path = SceneDelegate.swift; sourceTree = "<group>"; };
		3BB81D702B7B52E8002C58CE /* ViewController.swift */ = {isa = PBXFileReference; lastKnownFileType = sourcecode.swift; path = ViewController.swift; sourceTree = "<group>"; };
		3BB81D732B7B52E8002C58CE /* Base */ = {isa = PBXFileReference; lastKnownFileType = file.storyboard; name = Base; path = Base.lproj/Main.storyboard; sourceTree = "<group>"; };
		3BB81D752B7B52EA002C58CE /* Assets.xcassets */ = {isa = PBXFileReference; lastKnownFileType = folder.assetcatalog; path = Assets.xcassets; sourceTree = "<group>"; };
		3BB81D782B7B52EA002C58CE /* Base */ = {isa = PBXFileReference; lastKnownFileType = file.storyboard; name = Base; path = Base.lproj/LaunchScreen.storyboard; sourceTree = "<group>"; };
		3BB81D7A2B7B52EA002C58CE /* Info.plist */ = {isa = PBXFileReference; lastKnownFileType = text.plist.xml; path = Info.plist; sourceTree = "<group>"; };
		7ADDB736475B54DCFA422512 /* Pods_akhbel.framework */ = {isa = PBXFileReference; explicitFileType = wrapper.framework; includeInIndex = 0; path = Pods_akhbel.framework; sourceTree = BUILT_PRODUCTS_DIR; };
		7F58238F731DB9638DBDC295 /* Pods-akhbel.debug.xcconfig */ = {isa = PBXFileReference; includeInIndex = 1; lastKnownFileType = text.xcconfig; name = "Pods-akhbel.debug.xcconfig"; path = "Target Support Files/Pods-akhbel/Pods-akhbel.debug.xcconfig"; sourceTree = "<group>"; };
		E5B70757E1582F000F5E0109 /* Pods-akhbel.release.xcconfig */ = {isa = PBXFileReference; includeInIndex = 1; lastKnownFileType = text.xcconfig; name = "Pods-akhbel.release.xcconfig"; path = "Target Support Files/Pods-akhbel/Pods-akhbel.release.xcconfig"; sourceTree = "<group>"; };
/* End PBXFileReference section */

/* Begin PBXFrameworksBuildPhase section */
		3BB81D662B7B52E8002C58CE /* Frameworks */ = {
			isa = PBXFrameworksBuildPhase;
			buildActionMask = 2147483647;
			files = (
				759C932ECC993C9172A3EFDF /* Pods_akhbel.framework in Frameworks */,
			);
			runOnlyForDeploymentPostprocessing = 0;
		};
/* End PBXFrameworksBuildPhase section */

/* Begin PBXGroup section */
		3BB81D602B7B52E8002C58CE = {
			isa = PBXGroup;
			children = (
				3BB81D6B2B7B52E8002C58CE /* akhbel */,
				3BB81D6A2B7B52E8002C58CE /* Products */,
				90B653A828EDC6B1E497F8AF /* Pods */,
				80F94A28B5CD772D2A64B301 /* Frameworks */,
			);
			sourceTree = "<group>";
		};
		3BB81D6A2B7B52E8002C58CE /* Products */ = {
			isa = PBXGroup;
			children = (
				3BB81D692B7B52E8002C58CE /* akhbel.app */,
			);
			name = Products;
			sourceTree = "<group>";
		};
		3BB81D6B2B7B52E8002C58CE /* akhbel */ = {
			isa = PBXGroup;
			children = (
				3BB81D6C2B7B52E8002C58CE /* AppDelegate.swift */,
				3BB81D6E2B7B52E8002C58CE /* SceneDelegate.swift */,
				3BB81D702B7B52E8002C58CE /* ViewController.swift */,
				3BB81D722B7B52E8002C58CE /* Main.storyboard */,
				3BB81D752B7B52EA002C58CE /* Assets.xcassets */,
				3BB81D772B7B52EA002C58CE /* LaunchScreen.storyboard */,
				3BB81D7A2B7B52EA002C58CE /* Info.plist */,
				3B78980C2B7E014900DCD813 /* SideMenu.swift */,
				3B78980E2B7E022500DCD813 /* InfoViewController.swift */,
				3B7898102B7E025400DCD813 /* SettingViewController.swift */,
				3B7898122B7E07F000DCD813 /* NewspViewController.swift */,
			);
			path = akhbel;
			sourceTree = "<group>";
		};
		80F94A28B5CD772D2A64B301 /* Frameworks */ = {
			isa = PBXGroup;
			children = (
				7ADDB736475B54DCFA422512 /* Pods_akhbel.framework */,
			);
			name = Frameworks;
			sourceTree = "<group>";
		};
		90B653A828EDC6B1E497F8AF /* Pods */ = {
			isa = PBXGroup;
			children = (
				7F58238F731DB9638DBDC295 /* Pods-akhbel.debug.xcconfig */,
				E5B70757E1582F000F5E0109 /* Pods-akhbel.release.xcconfig */,
			);
			path = Pods;
			sourceTree = "<group>";
		};
/* End PBXGroup section */

/* Begin PBXNativeTarget section */
		3BB81D682B7B52E8002C58CE /* akhbel */ = {
			isa = PBXNativeTarget;
			buildConfigurationList = 3BB81D7D2B7B52EA002C58CE /* Build configuration list for PBXNativeTarget "akhbel" */;
			buildPhases = (
				E3396E642F7E5E91F570F27E /* [CP] Check Pods Manifest.lock */,
				3BB81D652B7B52E8002C58CE /* Sources */,
				3BB81D662B7B52E8002C58CE /* Frameworks */,
				3BB81D672B7B52E8002C58CE /* Resources */,
				3D9C72185DD55F4F603155A6 /* [CP] Embed Pods Frameworks */,
			);
			buildRules = (
			);
			dependencies = (
			);
			name = akhbel;
			productName = akhbel;
			productReference = 3BB81D692B7B52E8002C58CE /* akhbel.app */;
			productType = "com.apple.product-type.application";
		};
/* End PBXNativeTarget section */

/* Begin PBXProject section */
		3BB81D612B7B52E8002C58CE /* Project object */ = {
			isa = PBXProject;
			attributes = {
				BuildIndependentTargetsInParallel = 1;
				LastSwiftUpdateCheck = 1420;
				LastUpgradeCheck = 1420;
				TargetAttributes = {
					3BB81D682B7B52E8002C58CE = {
						CreatedOnToolsVersion = 14.2;
					};
				};
			};
			buildConfigurationList = 3BB81D642B7B52E8002C58CE /* Build configuration list for PBXProject "akhbel" */;
			compatibilityVersion = "Xcode 14.0";
			developmentRegion = en;
			hasScannedForEncodings = 0;
			knownRegions = (
				en,
				Base,
			);
			mainGroup = 3BB81D602B7B52E8002C58CE;
			productRefGroup = 3BB81D6A2B7B52E8002C58CE /* Products */;
			projectDirPath = "";
			projectRoot = "";
			targets = (
				3BB81D682B7B52E8002C58CE /* akhbel */,
			);
		};
/* End PBXProject section */

/* Begin PBXResourcesBuildPhase section */
		3BB81D672B7B52E8002C58CE /* Resources */ = {
			isa = PBXResourcesBuildPhase;
			buildActionMask = 2147483647;
			files = (
				3BB81D792B7B52EA002C58CE /* LaunchScreen.storyboard in Resources */,
				3BB81D762B7B52EA002C58CE /* Assets.xcassets in Resources */,
				3BB81D742B7B52E8002C58CE /* Main.storyboard in Resources */,
			);
			runOnlyForDeploymentPostprocessing = 0;
		};
/* End PBXResourcesBuildPhase section */

/* Begin PBXShellScriptBuildPhase section */
		3D9C72185DD55F4F603155A6 /* [CP] Embed Pods Frameworks */ = {
			isa = PBXShellScriptBuildPhase;
			buildActionMask = 2147483647;
			files = (
			);
			inputFileListPaths = (
				"${PODS_ROOT}/Target Support Files/Pods-akhbel/Pods-akhbel-frameworks-${CONFIGURATION}-input-files.xcfilelist",
			);
			name = "[CP] Embed Pods Frameworks";
			outputFileListPaths = (
				"${PODS_ROOT}/Target Support Files/Pods-akhbel/Pods-akhbel-frameworks-${CONFIGURATION}-output-files.xcfilelist",
			);
			runOnlyForDeploymentPostprocessing = 0;
			shellPath = /bin/sh;
			shellScript = "\"${PODS_ROOT}/Target Support Files/Pods-akhbel/Pods-akhbel-frameworks.sh\"\n";
			showEnvVarsInLog = 0;
		};
		E3396E642F7E5E91F570F27E /* [CP] Check Pods Manifest.lock */ = {
			isa = PBXShellScriptBuildPhase;
			buildActionMask = 2147483647;
			files = (
			);
			inputFileListPaths = (
			);
			inputPaths = (
				"${PODS_PODFILE_DIR_PATH}/Podfile.lock",
				"${PODS_ROOT}/Manifest.lock",
			);
			name = "[CP] Check Pods Manifest.lock";
			outputFileListPaths = (
			);
			outputPaths = (
				"$(DERIVED_FILE_DIR)/Pods-akhbel-checkManifestLockResult.txt",
			);
			runOnlyForDeploymentPostprocessing = 0;
			shellPath = /bin/sh;
			shellScript = "diff \"${PODS_PODFILE_DIR_PATH}/Podfile.lock\" \"${PODS_ROOT}/Manifest.lock\" > /dev/null\nif [ $? != 0 ] ; then\n    # print error to STDERR\n    echo \"error: The sandbox is not in sync with the Podfile.lock. Run 'pod install' or update your CocoaPods installation.\" >&2\n    exit 1\nfi\n# This output is used by Xcode 'outputs' to avoid re-running this script phase.\necho \"SUCCESS\" > \"${SCRIPT_OUTPUT_FILE_0}\"\n";
			showEnvVarsInLog = 0;
		};
/* End PBXShellScriptBuildPhase section */

/* Begin PBXSourcesBuildPhase section */
		3BB81D652B7B52E8002C58CE /* Sources */ = {
			isa = PBXSourcesBuildPhase;
			buildActionMask = 2147483647;
			files = (
				3BB81D712B7B52E8002C58CE /* ViewController.swift in Sources */,
				3BB81D6D2B7B52E8002C58CE /* AppDelegate.swift in Sources */,
				3BB81D6F2B7B52E8002C58CE /* SceneDelegate.swift in Sources */,
				3B78980D2B7E014900DCD813 /* SideMenu.swift in Sources */,
				3B7898132B7E07F000DCD813 /* NewspViewController.swift in Sources */,
				3B78980F2B7E022500DCD813 /* InfoViewController.swift in Sources */,
				3B7898112B7E025400DCD813 /* SettingViewController.swift in Sources */,
			);
			runOnlyForDeploymentPostprocessing = 0;
		};
/* End PBXSourcesBuildPhase section */

/* Begin PBXVariantGroup section */
		3BB81D722B7B52E8002C58CE /* Main.storyboard */ = {
			isa = PBXVariantGroup;
			children = (
				3BB81D732B7B52E8002C58CE /* Base */,
			);
			name = Main.storyboard;
			sourceTree = "<group>";
		};
		3BB81D772B7B52EA002C58CE /* LaunchScreen.storyboard */ = {
			isa = PBXVariantGroup;
			children = (
				3BB81D782B7B52EA002C58CE /* Base */,
			);
			name = LaunchScreen.storyboard;
			sourceTree = "<group>";
		};
/* End PBXVariantGroup section */

/* Begin XCBuildConfiguration section */
		3BB81D7B2B7B52EA002C58CE /* Debug */ = {
			isa = XCBuildConfiguration;
			buildSettings = {
				ALWAYS_SEARCH_USER_PATHS = NO;
				CLANG_ANALYZER_NONNULL = YES;
				CLANG_ANALYZER_NUMBER_OBJECT_CONVERSION = YES_AGGRESSIVE;
				CLANG_CXX_LANGUAGE_STANDARD = "gnu++20";
				CLANG_ENABLE_MODULES = YES;
				CLANG_ENABLE_OBJC_ARC = YES;
				CLANG_ENABLE_OBJC_WEAK = YES;
				CLANG_WARN_BLOCK_CAPTURE_AUTORELEASING = YES;
				CLANG_WARN_BOOL_CONVERSION = YES;
				CLANG_WARN_COMMA = YES;
				CLANG_WARN_CONSTANT_CONVERSION = YES;
				CLANG_WARN_DEPRECATED_OBJC_IMPLEMENTATIONS = YES;
				CLANG_WARN_DIRECT_OBJC_ISA_USAGE = YES_ERROR;
				CLANG_WARN_DOCUMENTATION_COMMENTS = YES;
				CLANG_WARN_EMPTY_BODY = YES;
				CLANG_WARN_ENUM_CONVERSION = YES;
				CLANG_WARN_INFINITE_RECURSION = YES;
				CLANG_WARN_INT_CONVERSION = YES;
				CLANG_WARN_NON_LITERAL_NULL_CONVERSION = YES;
				CLANG_WARN_OBJC_IMPLICIT_RETAIN_SELF = YES;
				CLANG_WARN_OBJC_LITERAL_CONVERSION = YES;
				CLANG_WARN_OBJC_ROOT_CLASS = YES_ERROR;
				CLANG_WARN_QUOTED_INCLUDE_IN_FRAMEWORK_HEADER = YES;
				CLANG_WARN_RANGE_LOOP_ANALYSIS = YES;
				CLANG_WARN_STRICT_PROTOTYPES = YES;
				CLANG_WARN_SUSPICIOUS_MOVE = YES;
				CLANG_WARN_UNGUARDED_AVAILABILITY = YES_AGGRESSIVE;
				CLANG_WARN_UNREACHABLE_CODE = YES;
				CLANG_WARN__DUPLICATE_METHOD_MATCH = YES;
				COPY_PHASE_STRIP = NO;
				DEBUG_INFORMATION_FORMAT = dwarf;
				ENABLE_STRICT_OBJC_MSGSEND = YES;
				ENABLE_TESTABILITY = YES;
				GCC_C_LANGUAGE_STANDARD = gnu11;
				GCC_DYNAMIC_NO_PIC = NO;
				GCC_NO_COMMON_BLOCKS = YES;
				GCC_OPTIMIZATION_LEVEL = 0;
				GCC_PREPROCESSOR_DEFINITIONS = (
					"DEBUG=1",
					"$(inherited)",
				);
				GCC_WARN_64_TO_32_BIT_CONVERSION = YES;
				GCC_WARN_ABOUT_RETURN_TYPE = YES_ERROR;
				GCC_WARN_UNDECLARED_SELECTOR = YES;
				GCC_WARN_UNINITIALIZED_AUTOS = YES_AGGRESSIVE;
				GCC_WARN_UNUSED_FUNCTION = YES;
				GCC_WARN_UNUSED_VARIABLE = YES;
				IPHONEOS_DEPLOYMENT_TARGET = 16.2;
				MTL_ENABLE_DEBUG_INFO = INCLUDE_SOURCE;
				MTL_FAST_MATH = YES;
				ONLY_ACTIVE_ARCH = YES;
				SDKROOT = iphoneos;
				SWIFT_ACTIVE_COMPILATION_CONDITIONS = DEBUG;
				SWIFT_OPTIMIZATION_LEVEL = "-Onone";
			};
			name = Debug;
		};
		3BB81D7C2B7B52EA002C58CE /* Release */ = {
			isa = XCBuildConfiguration;
			buildSettings = {
				ALWAYS_SEARCH_USER_PATHS = NO;
				CLANG_ANALYZER_NONNULL = YES;
				CLANG_ANALYZER_NUMBER_OBJECT_CONVERSION = YES_AGGRESSIVE;
				CLANG_CXX_LANGUAGE_STANDARD = "gnu++20";
				CLANG_ENABLE_MODULES = YES;
				CLANG_ENABLE_OBJC_ARC = YES;
				CLANG_ENABLE_OBJC_WEAK = YES;
				CLANG_WARN_BLOCK_CAPTURE_AUTORELEASING = YES;
				CLANG_WARN_BOOL_CONVERSION = YES;
				CLANG_WARN_COMMA = YES;
				CLANG_WARN_CONSTANT_CONVERSION = YES;
				CLANG_WARN_DEPRECATED_OBJC_IMPLEMENTATIONS = YES;
				CLANG_WARN_DIRECT_OBJC_ISA_USAGE = YES_ERROR;
				CLANG_WARN_DOCUMENTATION_COMMENTS = YES;
				CLANG_WARN_EMPTY_BODY = YES;
				CLANG_WARN_ENUM_CONVERSION = YES;
				CLANG_WARN_INFINITE_RECURSION = YES;
				CLANG_WARN_INT_CONVERSION = YES;
				CLANG_WARN_NON_LITERAL_NULL_CONVERSION = YES;
				CLANG_WARN_OBJC_IMPLICIT_RETAIN_SELF = YES;
				CLANG_WARN_OBJC_LITERAL_CONVERSION = YES;
				CLANG_WARN_OBJC_ROOT_CLASS = YES_ERROR;
				CLANG_WARN_QUOTED_INCLUDE_IN_FRAMEWORK_HEADER = YES;
				CLANG_WARN_RANGE_LOOP_ANALYSIS = YES;
				CLANG_WARN_STRICT_PROTOTYPES = YES;
				CLANG_WARN_SUSPICIOUS_MOVE = YES;
				CLANG_WARN_UNGUARDED_AVAILABILITY = YES_AGGRESSIVE;
				CLANG_WARN_UNREACHABLE_CODE = YES;
				CLANG_WARN__DUPLICATE_METHOD_MATCH = YES;
				COPY_PHASE_STRIP = NO;
				DEBUG_INFORMATION_FORMAT = "dwarf-with-dsym";
				ENABLE_NS_ASSERTIONS = NO;
				ENABLE_STRICT_OBJC_MSGSEND = YES;
				GCC_C_LANGUAGE_STANDARD = gnu11;
				GCC_NO_COMMON_BLOCKS = YES;
				GCC_WARN_64_TO_32_BIT_CONVERSION = YES;
				GCC_WARN_ABOUT_RETURN_TYPE = YES_ERROR;
				GCC_WARN_UNDECLARED_SELECTOR = YES;
				GCC_WARN_UNINITIALIZED_AUTOS = YES_AGGRESSIVE;
				GCC_WARN_UNUSED_FUNCTION = YES;
				GCC_WARN_UNUSED_VARIABLE = YES;
				IPHONEOS_DEPLOYMENT_TARGET = 16.2;
				MTL_ENABLE_DEBUG_INFO = NO;
				MTL_FAST_MATH = YES;
				SDKROOT = iphoneos;
				SWIFT_COMPILATION_MODE = wholemodule;
				SWIFT_OPTIMIZATION_LEVEL = "-O";
				VALIDATE_PRODUCT = YES;
			};
			name = Release;
		};
		3BB81D7E2B7B52EA002C58CE /* Debug */ = {
			isa = XCBuildConfiguration;
			baseConfigurationReference = 7F58238F731DB9638DBDC295 /* Pods-akhbel.debug.xcconfig */;
			buildSettings = {
				ASSETCATALOG_COMPILER_APPICON_NAME = AppIcon;
				ASSETCATALOG_COMPILER_GLOBAL_ACCENT_COLOR_NAME = AccentColor;
				CODE_SIGN_STYLE = Automatic;
				CURRENT_PROJECT_VERSION = 1;
				DEVELOPMENT_TEAM = S5AM8RX9Q9;
				GENERATE_INFOPLIST_FILE = YES;
				INFOPLIST_FILE = akhbel/Info.plist;
				INFOPLIST_KEY_UIApplicationSupportsIndirectInputEvents = YES;
				INFOPLIST_KEY_UILaunchStoryboardName = LaunchScreen;
				INFOPLIST_KEY_UIMainStoryboardFile = Main;
				INFOPLIST_KEY_UISupportedInterfaceOrientations_iPad = "UIInterfaceOrientationPortrait UIInterfaceOrientationPortraitUpsideDown UIInterfaceOrientationLandscapeLeft UIInterfaceOrientationLandscapeRight";
				INFOPLIST_KEY_UISupportedInterfaceOrientations_iPhone = "UIInterfaceOrientationPortrait UIInterfaceOrientationLandscapeLeft UIInterfaceOrientationLandscapeRight";
				LD_RUNPATH_SEARCH_PATHS = (
					"$(inherited)",
					"@executable_path/Frameworks",
				);
				MARKETING_VERSION = 1.0;
				PRODUCT_BUNDLE_IDENTIFIER = com.sygzg.akhbel;
				PRODUCT_NAME = "$(TARGET_NAME)";
				SWIFT_EMIT_LOC_STRINGS = YES;
				SWIFT_VERSION = 5.0;
				TARGETED_DEVICE_FAMILY = "1,2";
			};
			name = Debug;
		};
		3BB81D7F2B7B52EA002C58CE /* Release */ = {
			isa = XCBuildConfiguration;
			baseConfigurationReference = E5B70757E1582F000F5E0109 /* Pods-akhbel.release.xcconfig */;
			buildSettings = {
				ASSETCATALOG_COMPILER_APPICON_NAME = AppIcon;
				ASSETCATALOG_COMPILER_GLOBAL_ACCENT_COLOR_NAME = AccentColor;
				CODE_SIGN_STYLE = Automatic;
				CURRENT_PROJECT_VERSION = 1;
				DEVELOPMENT_TEAM = S5AM8RX9Q9;
				GENERATE_INFOPLIST_FILE = YES;
				INFOPLIST_FILE = akhbel/Info.plist;
				INFOPLIST_KEY_UIApplicationSupportsIndirectInputEvents = YES;
				INFOPLIST_KEY_UILaunchStoryboardName = LaunchScreen;
				INFOPLIST_KEY_UIMainStoryboardFile = Main;
				INFOPLIST_KEY_UISupportedInterfaceOrientations_iPad = "UIInterfaceOrientationPortrait UIInterfaceOrientationPortraitUpsideDown UIInterfaceOrientationLandscapeLeft UIInterfaceOrientationLandscapeRight";
				INFOPLIST_KEY_UISupportedInterfaceOrientations_iPhone = "UIInterfaceOrientationPortrait UIInterfaceOrientationLandscapeLeft UIInterfaceOrientationLandscapeRight";
				LD_RUNPATH_SEARCH_PATHS = (
					"$(inherited)",
					"@executable_path/Frameworks",
				);
				MARKETING_VERSION = 1.0;
				PRODUCT_BUNDLE_IDENTIFIER = com.sygzg.akhbel;
				PRODUCT_NAME = "$(TARGET_NAME)";
				SWIFT_EMIT_LOC_STRINGS = YES;
				SWIFT_VERSION = 5.0;
				TARGETED_DEVICE_FAMILY = "1,2";
			};
			name = Release;
		};
/* End XCBuildConfiguration section */

/* Begin XCConfigurationList section */
		3BB81D642B7B52E8002C58CE /* Build configuration list for PBXProject "akhbel" */ = {
			isa = XCConfigurationList;
			buildConfigurations = (
				3BB81D7B2B7B52EA002C58CE /* Debug */,
				3BB81D7C2B7B52EA002C58CE /* Release */,
			);
			defaultConfigurationIsVisible = 0;
			defaultConfigurationName = Release;
		};
		3BB81D7D2B7B52EA002C58CE /* Build configuration list for PBXNativeTarget "akhbel" */ = {
			isa = XCConfigurationList;
			buildConfigurations = (
				3BB81D7E2B7B52EA002C58CE /* Debug */,
				3BB81D7F2B7B52EA002C58CE /* Release */,
			);
			defaultConfigurationIsVisible = 0;
			defaultConfigurationName = Release;
		};
/* End XCConfigurationList section */
	};
	rootObject = 3BB81D612B7B52E8002C58CE /* Project object */;
}
